
Microsoft Visual Studio Solution File, Format Version 12.00
# Visual Studio 15
VisualStudioVersion = 15.0.25807.0
MinimumVisualStudioVersion = 10.0.40219.1
Project("{2150E333-8FDC-42A3-9474-1A3956D46DE8}") = "Engine", "Engine", "{D9AF02F5-3067-4011-92EE-A8A10A26904C}"
EndProject
Project("{2150E333-8FDC-42A3-9474-1A3956D46DE8}") = "Games", "Games", "{C3C804CB-3AE8-4B22-B5AF-4BECAFB8154A}"
EndProject
Project("{8BC9CEB8-8B4A-11D0-8D11-00A0C91BC942}") = "UE4", "Intermediate\ProjectFiles\UE4.vcxproj", "{D3CC90DC-3F83-409F-A4AB-62CE925C49E7}"
EndProject
Project("{8BC9CEB8-8B4A-11D0-8D11-00A0C91BC942}") = "SoftDesignTraining", "Intermediate\ProjectFiles\SoftDesignTraining.vcxproj", "{1692C7A7-432C-4181-ABE7-932A250CD4EB}"
EndProject
Global
	GlobalSection(SolutionConfigurationPlatforms) = preSolution
		DebugGame Editor|HTML5 = DebugGame Editor|HTML5
		DebugGame Editor|Win32 = DebugGame Editor|Win32
		DebugGame Editor|Win64 = DebugGame Editor|Win64
		DebugGame|HTML5 = DebugGame|HTML5
		DebugGame|Win32 = DebugGame|Win32
		DebugGame|Win64 = DebugGame|Win64
		Development Editor|HTML5 = Development Editor|HTML5
		Development Editor|Win32 = Development Editor|Win32
		Development Editor|Win64 = Development Editor|Win64
		Development|HTML5 = Development|HTML5
		Development|Win32 = Development|Win32
		Development|Win64 = Development|Win64
		Shipping|HTML5 = Shipping|HTML5
		Shipping|Win32 = Shipping|Win32
		Shipping|Win64 = Shipping|Win64
	EndGlobalSection
	GlobalSection(ProjectConfigurationPlatforms) = postSolution
		{D3CC90DC-3F83-409F-A4AB-62CE925C49E7}.DebugGame Editor|HTML5.ActiveCfg = BuiltWithUnrealBuildTool|Win32
		{D3CC90DC-3F83-409F-A4AB-62CE925C49E7}.DebugGame Editor|HTML5.Build.0 = BuiltWithUnrealBuildTool|Win32
		{D3CC90DC-3F83-409F-A4AB-62CE925C49E7}.DebugGame Editor|Win32.ActiveCfg = BuiltWithUnrealBuildTool|Win32
		{D3CC90DC-3F83-409F-A4AB-62CE925C49E7}.DebugGame Editor|Win32.Build.0 = BuiltWithUnrealBuildTool|Win32
		{D3CC90DC-3F83-409F-A4AB-62CE925C49E7}.DebugGame Editor|Win64.ActiveCfg = BuiltWithUnrealBuildTool|Win32
		{D3CC90DC-3F83-409F-A4AB-62CE925C49E7}.DebugGame Editor|Win64.Build.0 = BuiltWithUnrealBuildTool|Win32
		{D3CC90DC-3F83-409F-A4AB-62CE925C49E7}.DebugGame|HTML5.ActiveCfg = BuiltWithUnrealBuildTool|Win32
		{D3CC90DC-3F83-409F-A4AB-62CE925C49E7}.DebugGame|HTML5.Build.0 = BuiltWithUnrealBuildTool|Win32
		{D3CC90DC-3F83-409F-A4AB-62CE925C49E7}.DebugGame|Win32.ActiveCfg = BuiltWithUnrealBuildTool|Win32
		{D3CC90DC-3F83-409F-A4AB-62CE925C49E7}.DebugGame|Win32.Build.0 = BuiltWithUnrealBuildTool|Win32
		{D3CC90DC-3F83-409F-A4AB-62CE925C49E7}.DebugGame|Win64.ActiveCfg = BuiltWithUnrealBuildTool|Win32
		{D3CC90DC-3F83-409F-A4AB-62CE925C49E7}.DebugGame|Win64.Build.0 = BuiltWithUnrealBuildTool|Win32
		{D3CC90DC-3F83-409F-A4AB-62CE925C49E7}.Development Editor|HTML5.ActiveCfg = BuiltWithUnrealBuildTool|Win32
		{D3CC90DC-3F83-409F-A4AB-62CE925C49E7}.Development Editor|HTML5.Build.0 = BuiltWithUnrealBuildTool|Win32
		{D3CC90DC-3F83-409F-A4AB-62CE925C49E7}.Development Editor|Win32.ActiveCfg = BuiltWithUnrealBuildTool|Win32
		{D3CC90DC-3F83-409F-A4AB-62CE925C49E7}.Development Editor|Win32.Build.0 = BuiltWithUnrealBuildTool|Win32
		{D3CC90DC-3F83-409F-A4AB-62CE925C49E7}.Development Editor|Win64.ActiveCfg = BuiltWithUnrealBuildTool|Win32
		{D3CC90DC-3F83-409F-A4AB-62CE925C49E7}.Development Editor|Win64.Build.0 = BuiltWithUnrealBuildTool|Win32
		{D3CC90DC-3F83-409F-A4AB-62CE925C49E7}.Development|HTML5.ActiveCfg = BuiltWithUnrealBuildTool|Win32
		{D3CC90DC-3F83-409F-A4AB-62CE925C49E7}.Development|HTML5.Build.0 = BuiltWithUnrealBuildTool|Win32
		{D3CC90DC-3F83-409F-A4AB-62CE925C49E7}.Development|Win32.ActiveCfg = BuiltWithUnrealBuildTool|Win32
		{D3CC90DC-3F83-409F-A4AB-62CE925C49E7}.Development|Win32.Build.0 = BuiltWithUnrealBuildTool|Win32
		{D3CC90DC-3F83-409F-A4AB-62CE925C49E7}.Development|Win64.ActiveCfg = BuiltWithUnrealBuildTool|Win32
		{D3CC90DC-3F83-409F-A4AB-62CE925C49E7}.Development|Win64.Build.0 = BuiltWithUnrealBuildTool|Win32
		{D3CC90DC-3F83-409F-A4AB-62CE925C49E7}.Shipping|HTML5.ActiveCfg = BuiltWithUnrealBuildTool|Win32
		{D3CC90DC-3F83-409F-A4AB-62CE925C49E7}.Shipping|HTML5.Build.0 = BuiltWithUnrealBuildTool|Win32
		{D3CC90DC-3F83-409F-A4AB-62CE925C49E7}.Shipping|Win32.ActiveCfg = BuiltWithUnrealBuildTool|Win32
		{D3CC90DC-3F83-409F-A4AB-62CE925C49E7}.Shipping|Win32.Build.0 = BuiltWithUnrealBuildTool|Win32
		{D3CC90DC-3F83-409F-A4AB-62CE925C49E7}.Shipping|Win64.ActiveCfg = BuiltWithUnrealBuildTool|Win32
		{D3CC90DC-3F83-409F-A4AB-62CE925C49E7}.Shipping|Win64.Build.0 = BuiltWithUnrealBuildTool|Win32
		{1692C7A7-432C-4181-ABE7-932A250CD4EB}.DebugGame Editor|HTML5.ActiveCfg = HTML5_DebugGame_Editor|Win32
		{1692C7A7-432C-4181-ABE7-932A250CD4EB}.DebugGame Editor|Win32.ActiveCfg = DebugGame_Editor|Win32
		{1692C7A7-432C-4181-ABE7-932A250CD4EB}.DebugGame Editor|Win64.ActiveCfg = DebugGame_Editor|x64
		{1692C7A7-432C-4181-ABE7-932A250CD4EB}.DebugGame Editor|Win64.Build.0 = DebugGame_Editor|x64
		{1692C7A7-432C-4181-ABE7-932A250CD4EB}.DebugGame|HTML5.ActiveCfg = HTML5_DebugGame_Game|Win32
		{1692C7A7-432C-4181-ABE7-932A250CD4EB}.DebugGame|HTML5.Build.0 = HTML5_DebugGame_Game|Win32
		{1692C7A7-432C-4181-ABE7-932A250CD4EB}.DebugGame|Win32.ActiveCfg = DebugGame_Game|Win32
		{1692C7A7-432C-4181-ABE7-932A250CD4EB}.DebugGame|Win32.Build.0 = DebugGame_Game|Win32
		{1692C7A7-432C-4181-ABE7-932A250CD4EB}.DebugGame|Win64.ActiveCfg = DebugGame_Game|x64
		{1692C7A7-432C-4181-ABE7-932A250CD4EB}.DebugGame|Win64.Build.0 = DebugGame_Game|x64
		{1692C7A7-432C-4181-ABE7-932A250CD4EB}.Development Editor|HTML5.ActiveCfg = HTML5_Development_Editor|Win32
		{1692C7A7-432C-4181-ABE7-932A250CD4EB}.Development Editor|Win32.ActiveCfg = Development_Editor|Win32
		{1692C7A7-432C-4181-ABE7-932A250CD4EB}.Development Editor|Win64.ActiveCfg = Development_Editor|x64
		{1692C7A7-432C-4181-ABE7-932A250CD4EB}.Development Editor|Win64.Build.0 = Development_Editor|x64
		{1692C7A7-432C-4181-ABE7-932A250CD4EB}.Development|HTML5.ActiveCfg = HTML5_Development_Game|Win32
		{1692C7A7-432C-4181-ABE7-932A250CD4EB}.Development|HTML5.Build.0 = HTML5_Development_Game|Win32
		{1692C7A7-432C-4181-ABE7-932A250CD4EB}.Development|Win32.ActiveCfg = Development_Game|Win32
		{1692C7A7-432C-4181-ABE7-932A250CD4EB}.Development|Win32.Build.0 = Development_Game|Win32
		{1692C7A7-432C-4181-ABE7-932A250CD4EB}.Development|Win64.ActiveCfg = Development_Game|x64
		{1692C7A7-432C-4181-ABE7-932A250CD4EB}.Development|Win64.Build.0 = Development_Game|x64
		{1692C7A7-432C-4181-ABE7-932A250CD4EB}.Shipping|HTML5.ActiveCfg = HTML5_Shipping_Game|Win32
		{1692C7A7-432C-4181-ABE7-932A250CD4EB}.Shipping|HTML5.Build.0 = HTML5_Shipping_Game|Win32
		{1692C7A7-432C-4181-ABE7-932A250CD4EB}.Shipping|Win32.ActiveCfg = Shipping_Game|Win32
		{1692C7A7-432C-4181-ABE7-932A250CD4EB}.Shipping|Win32.Build.0 = Shipping_Game|Win32
		{1692C7A7-432C-4181-ABE7-932A250CD4EB}.Shipping|Win64.ActiveCfg = Shipping_Game|x64
		{1692C7A7-432C-4181-ABE7-932A250CD4EB}.Shipping|Win64.Build.0 = Shipping_Game|x64
	EndGlobalSection
	GlobalSection(SolutionProperties) = preSolution
		HideSolutionNode = FALSE
	EndGlobalSection
	GlobalSection(NestedProjects) = preSolution
		{D3CC90DC-3F83-409F-A4AB-62CE925C49E7} = {D9AF02F5-3067-4011-92EE-A8A10A26904C}
		{1692C7A7-432C-4181-ABE7-932A250CD4EB} = {C3C804CB-3AE8-4B22-B5AF-4BECAFB8154A}
	EndGlobalSection
	GlobalSection(ExtensibilityGlobals) = postSolution
		SolutionGuid = {44D949B0-6178-45A2-8BCB-0DA7335A553D}
	EndGlobalSection
EndGlobal
